<?xml version="1.0" encoding="utf-8"?>
<Project ToolsVersion="4.0" xmlns="http://schemas.microsoft.com/developer/msbuild/2003">
  <ItemGroup>
    <Filter Include="Header Files">
      <UniqueIdentifier>{93995380-89BD-4b04-88EB-625FBE52EBFB}</UniqueIdentifier>
      <Extensions>h;hpp;hxx;hm;inl;inc;xsd</Extensions>
    </Filter>
    <Filter Include="Resource Files">
      <UniqueIdentifier>{4FC737F1-C7A5-4376-A066-2A32D752A2FF}</UniqueIdentifier>
      <Extensions>cpp;c;cc;cxx;def;odl;idl;hpj;bat;asm;asmx</Extensions>
    </Filter>
    <Filter Include="Source Files">
      <UniqueIdentifier>{67DA6AB6-F800-4c08-8B7A-83BB121AAD01}</UniqueIdentifier>
      <Extensions>rc;ico;cur;bmp;dlg;rc2;rct;bin;rgs;gif;jpg;jpeg;jpe;resx;tiff;tif;png;wav;mfcribbon-ms</Extensions>
    </Filter>
  </ItemGroup>
  <ItemGroup>
    <ClInclude Include="jni.h">
      <Filter>Header Files</Filter>
    </ClInclude>
    <ClInclude Include="jni_md.h">
      <Filter>Header Files</Filter>
    </ClInclude>
    <ClInclude Include="..\EncryptCore\aeswapper.h">
      <Filter>Header Files</Filter>
    </ClInclude>
    <ClInclude Include="..\EncryptCore\base64.h">
      <Filter>Header Files</Filter>
    </ClInclude>
    <ClInclude Include="..\EncryptCore\md5signtool.h">
      <Filter>Header Files</Filter>
    </ClInclude>
    <ClInclude Include="..\EncryptCore\aes\aes.h">
      <Filter>Header Files</Filter>
    </ClInclude>
    <ClInclude Include="..\EncryptCore\aes\aes_locl.h">
      <Filter>Header Files</Filter>
    </ClInclude>
    <ClInclude Include="..\EncryptCore\aes\misc.h">
      <Filter>Header Files</Filter>
    </ClInclude>
    <ClInclude Include="..\EncryptCore\aes\modes.h">
      <Filter>Header Files</Filter>
    </ClInclude>
    <ClInclude Include="..\EncryptCore\md5\md5.h">
      <Filter>Header Files</Filter>
    </ClInclude>
    <ClInclude Include="..\EncryptCore\md5\md5_locl.h">
      <Filter>Header Files</Filter>
    </ClInclude>
    <ClInclude Include="..\EncryptCore\md5\md32_common.h">
      <Filter>Header Files</Filter>
    </ClInclude>
  </ItemGroup>
  <ItemGroup>
    <ClCompile Include="JniEncryptUtil.cpp">
      <Filter>Resource Files</Filter>
    </ClCompile>
    <ClCompile Include="..\EncryptCore\aeswapper.cpp">
      <Filter>Resource Files</Filter>
    </ClCompile>
    <ClCompile Include="..\EncryptCore\base64.cpp">
      <Filter>Resource Files</Filter>
    </ClCompile>
    <ClCompile Include="..\EncryptCore\md5signtool.cpp">
      <Filter>Resource Files</Filter>
    </ClCompile>
    <ClCompile Include="..\EncryptCore\aes\aes_core.cpp">
      <Filter>Resource Files</Filter>
    </ClCompile>
    <ClCompile Include="..\EncryptCore\aes\cbc128.cpp">
      <Filter>Resource Files</Filter>
    </ClCompile>
    <ClCompile Include="..\EncryptCore\md5\md5_dgst.c">
      <Filter>Resource Files</Filter>
    </ClCompile>
    <ClCompile Include="..\EncryptCore\md5\md5_one.c">
      <Filter>Resource Files</Filter>
    </ClCompile>
  </ItemGroup>
</Project>